{
  "name": "aicommits",
  "version": "1.0.0",
  "lockfileVersion": 2,
  "requires": true,
  "packages": {
    "": {
      "name": "aicommits",
      "version": "1.0.0",
      "license": "ISC",
      "dependencies": {
        "aicommits": "1.11.0"
      }
    },
    "node_modules/@dqbd/tiktoken": {
      "version": "1.0.21",
      "resolved": "https://registry.npmjs.org/@dqbd/tiktoken/-/tiktoken-1.0.21.tgz",
      "integrity": "sha512-grBxRSY9+/iBM205EWjbMm5ySeXQrhJyXWMP38VJd+pO2DRGraDAbi4n8J8T9M4XY1M/FHgonMcmu3J+KjcX0Q=="
    },
    "node_modules/aicommits": {
      "version": "1.11.0",
      "resolved": "https://registry.npmjs.org/aicommits/-/aicommits-1.11.0.tgz",
      "integrity": "sha512-YRy+M230yIuJ+j3YqXRAtAbmR2rJSzST5TbJASPXqaIh7kMN477DGQS1cwqwTJeBdMXKBJrWJAgVd//LkoA4Wg==",
      "license": "MIT",
      "dependencies": {
        "@dqbd/tiktoken": "^1.0.2"
      },
      "bin": {
        "aic": "dist/cli.mjs",
        "aicommits": "dist/cli.mjs"
      }
    }
  },
  "dependencies": {
    "@dqbd/tiktoken": {
      "version": "1.0.21",
      "resolved": "https://registry.npmjs.org/@dqbd/tiktoken/-/tiktoken-1.0.21.tgz",
      "integrity": "sha512-grBxRSY9+/iBM205EWjbMm5ySeXQrhJyXWMP38VJd+pO2DRGraDAbi4n8J8T9M4XY1M/FHgonMcmu3J+KjcX0Q=="
    },
    "aicommits": {
      "version": "1.11.0",
      "resolved": "https://registry.npmjs.org/aicommits/-/aicommits-1.11.0.tgz",
      "integrity": "sha512-YRy+M230yIuJ+j3YqXRAtAbmR2rJSzST5TbJASPXqaIh7kMN477DGQS1cwqwTJeBdMXKBJrWJAgVd//LkoA4Wg==",
      "requires": {
        "@dqbd/tiktoken": "^1.0.2"
      }
    }
  }
}
